
Microsoft Visual Studio Solution File, Format Version 12.00
# Visual Studio Version 16
VisualStudioVersion = 16.0.29215.179
MinimumVisualStudioVersion = 10.0.40219.1
Project("{FAE04EC0-301F-11D3-BF4B-00C04F79EFBC}") = "BookManagementFinalTest", "BookManagementFinalTest.csproj", "{155CF1E2-4F83-4B22-B728-AEB3F8B6111F}"
EndProject
Global
	GlobalSection(SolutionConfigurationPlatforms) = preSolution
		Debug|Any CPU = Debug|Any CPU
		Release|Any CPU = Release|Any CPU
	EndGlobalSection
	GlobalSection(ProjectConfigurationPlatforms) = postSolution
		{155CF1E2-4F83-4B22-B728-AEB3F8B6111F}.Debug|Any CPU.ActiveCfg = Debug|Any CPU
		{155CF1E2-4F83-4B22-B728-AEB3F8B6111F}.Debug|Any CPU.Build.0 = Debug|Any CPU
		{155CF1E2-4F83-4B22-B728-AEB3F8B6111F}.Release|Any CPU.ActiveCfg = Release|Any CPU
		{155CF1E2-4F83-4B22-B728-AEB3F8B6111F}.Release|Any CPU.Build.0 = Release|Any CPU
	EndGlobalSection
	GlobalSection(SolutionProperties) = preSolution
		HideSolutionNode = FALSE
	EndGlobalSection
	GlobalSection(ExtensibilityGlobals) = postSolution
		SolutionGuid = {2BBA04D8-3ED8-455D-AA22-509001FD4955}
	EndGlobalSection
EndGlobal
